
Microsoft Visual Studio Solution File, Format Version 12.00
# Visual Studio Version 17
VisualStudioVersion = 17.2.32519.379
MinimumVisualStudioVersion = 10.0.40219.1
Project("{FAE04EC0-301F-11D3-BF4B-00C04F79EFBC}") = "JokesWebApp", "JokesWebApp.csproj", "{58E2D3B7-E43B-484D-B4E4-0C835A8F9026}"
EndProject
Global
	GlobalSection(SolutionConfigurationPlatforms) = preSolution
		Debug|Any CPU = Debug|Any CPU
		Release|Any CPU = Release|Any CPU
	EndGlobalSection
	GlobalSection(ProjectConfigurationPlatforms) = postSolution
		{58E2D3B7-E43B-484D-B4E4-0C835A8F9026}.Debug|Any CPU.ActiveCfg = Debug|Any CPU
		{58E2D3B7-E43B-484D-B4E4-0C835A8F9026}.Debug|Any CPU.Build.0 = Debug|Any CPU
		{58E2D3B7-E43B-484D-B4E4-0C835A8F9026}.Release|Any CPU.ActiveCfg = Release|Any CPU
		{58E2D3B7-E43B-484D-B4E4-0C835A8F9026}.Release|Any CPU.Build.0 = Release|Any CPU
	EndGlobalSection
	GlobalSection(SolutionProperties) = preSolution
		HideSolutionNode = FALSE
	EndGlobalSection
	GlobalSection(ExtensibilityGlobals) = postSolution
		SolutionGuid = {54252B47-1ADF-4697-9823-9B432D82FE49}
	EndGlobalSection
EndGlobal
